// !$*UTF8*$!
{
	archiveVersion = 1;
	classes = {
	};
	objectVersion = 56;
	objects = {

/* Begin PBXBuildFile section */
		A001 /* MatrixScreenSaverView.swift in Sources */ = {isa = PBXBuildFile; fileRef = F001 /* MatrixScreenSaverView.swift */; };
		A002 /* MatrixPreferences.swift in Sources */ = {isa = PBXBuildFile; fileRef = F002 /* MatrixPreferences.swift */; };
		A003 /* ConfigureSheetController.swift in Sources */ = {isa = PBXBuildFile; fileRef = F003 /* ConfigureSheetController.swift */; };
		A004 /* ScreenSaver.framework in Frameworks */ = {isa = PBXBuildFile; fileRef = F004 /* ScreenSaver.framework */; };
		A005 /* WebKit.framework in Frameworks */ = {isa = PBXBuildFile; fileRef = F005 /* WebKit.framework */; };
		A006 /* Info.plist in Resources */ = {isa = PBXBuildFile; fileRef = F006 /* Info.plist */; };
/* End PBXBuildFile section */

/* Begin PBXCopyFilesBuildPhase section */
		CP01 = {
			isa = PBXCopyFilesBuildPhase;
			buildActionMask = 2147483647;
			dstPath = "";
			dstSubfolderSpec = 10;
			files = ();
			runOnlyForDeploymentPostprocessing = 0;
		};
/* End PBXCopyFilesBuildPhase section */

/* Begin PBXFileReference section */
		F001 /* MatrixScreenSaverView.swift */ = {isa = PBXFileReference; lastKnownFileType = sourcecode.swift; path = MatrixScreenSaverView.swift; sourceTree = "<group>"; };
		F002 /* MatrixPreferences.swift */ = {isa = PBXFileReference; lastKnownFileType = sourcecode.swift; path = MatrixPreferences.swift; sourceTree = "<group>"; };
		F003 /* ConfigureSheetController.swift */ = {isa = PBXFileReference; lastKnownFileType = sourcecode.swift; path = ConfigureSheetController.swift; sourceTree = "<group>"; };
		F004 /* ScreenSaver.framework */ = {isa = PBXFileReference; lastKnownFileType = wrapper.framework; name = ScreenSaver.framework; path = System/Library/Frameworks/ScreenSaver.framework; sourceTree = SDKROOT; };
		F005 /* WebKit.framework */ = {isa = PBXFileReference; lastKnownFileType = wrapper.framework; name = WebKit.framework; path = System/Library/Frameworks/WebKit.framework; sourceTree = SDKROOT; };
		F006 /* Info.plist */ = {isa = PBXFileReference; lastKnownFileType = text.plist.xml; path = Info.plist; sourceTree = "<group>"; };
		F007 /* Matrix.saver */ = {isa = PBXFileReference; explicitFileType = wrapper.cfbundle; includeInIndex = 0; path = Matrix.saver; sourceTree = BUILT_PRODUCTS_DIR; };
/* End PBXFileReference section */

/* Begin PBXFrameworksBuildPhase section */
		FB01 = {
			isa = PBXFrameworksBuildPhase;
			buildActionMask = 2147483647;
			files = (
				A004 /* ScreenSaver.framework in Frameworks */,
				A005 /* WebKit.framework in Frameworks */,
			);
			runOnlyForDeploymentPostprocessing = 0;
		};
/* End PBXFrameworksBuildPhase section */

/* Begin PBXGroup section */
		G000 = {
			isa = PBXGroup;
			children = (
				G001 /* MatrixScreenSaver */,
				G002 /* Frameworks */,
				G003 /* Products */,
			);
			sourceTree = "<group>";
		};
		G001 /* MatrixScreenSaver */ = {
			isa = PBXGroup;
			children = (
				F001 /* MatrixScreenSaverView.swift */,
				F002 /* MatrixPreferences.swift */,
				F003 /* ConfigureSheetController.swift */,
				F006 /* Info.plist */,
			);
			path = MatrixScreenSaver;
			sourceTree = "<group>";
		};
		G002 /* Frameworks */ = {
			isa = PBXGroup;
			children = (
				F004 /* ScreenSaver.framework */,
				F005 /* WebKit.framework */,
			);
			name = Frameworks;
			sourceTree = "<group>";
		};
		G003 /* Products */ = {
			isa = PBXGroup;
			children = (
				F007 /* Matrix.saver */,
			);
			name = Products;
			sourceTree = "<group>";
		};
/* End PBXGroup section */

/* Begin PBXNativeTarget section */
		T001 /* MatrixScreenSaver */ = {
			isa = PBXNativeTarget;
			buildConfigurationList = XC01 /* Build configuration list for PBXNativeTarget */;
			buildPhases = (
				SRC1 /* Sources */,
				FB01 /* Frameworks */,
				RES1 /* Resources */,
				CP01 /* CopyFiles */,
			);
			buildRules = ();
			dependencies = ();
			name = MatrixScreenSaver;
			productName = MatrixScreenSaver;
			productReference = F007 /* Matrix.saver */;
			productType = "com.apple.product-type.bundle";
		};
/* End PBXNativeTarget section */

/* Begin PBXProject section */
		PRJ1 /* Project object */ = {
			isa = PBXProject;
			attributes = {
				BuildIndependentTargetsInParallel = 1;
				LastSwiftUpdateCheck = 1500;
				LastUpgradeCheck = 1500;
				TargetAttributes = {
					T001 = {
						CreatedOnToolsVersion = 15.0;
					};
				};
			};
			buildConfigurationList = XC00 /* Build configuration list for PBXProject */;
			compatibilityVersion = "Xcode 14.0";
			developmentRegion = en;
			hasScannedForEncodings = 0;
			knownRegions = (
				en,
				Base,
			);
			mainGroup = G000;
			productRefGroup = G003 /* Products */;
			projectDirPath = "";
			projectRoot = "";
			targets = (
				T001 /* MatrixScreenSaver */,
			);
		};
/* End PBXProject section */

/* Begin PBXResourcesBuildPhase section */
		RES1 = {
			isa = PBXResourcesBuildPhase;
			buildActionMask = 2147483647;
			files = ();
			runOnlyForDeploymentPostprocessing = 0;
		};
/* End PBXResourcesBuildPhase section */

/* Begin PBXSourcesBuildPhase section */
		SRC1 = {
			isa = PBXSourcesBuildPhase;
			buildActionMask = 2147483647;
			files = (
				A001 /* MatrixScreenSaverView.swift in Sources */,
				A002 /* MatrixPreferences.swift in Sources */,
				A003 /* ConfigureSheetController.swift in Sources */,
			);
			runOnlyForDeploymentPostprocessing = 0;
		};
/* End PBXSourcesBuildPhase section */

/* Begin XCBuildConfiguration section */
		BC00 /* Debug */ = {
			isa = XCBuildConfiguration;
			buildSettings = {
				ALWAYS_SEARCH_USER_PATHS = NO;
				CLANG_ENABLE_MODULES = YES;
				SWIFT_VERSION = 5.0;
				MACOSX_DEPLOYMENT_TARGET = 12.0;
				SDKROOT = macosx;
			};
			name = Debug;
		};
		BC01 /* Release */ = {
			isa = XCBuildConfiguration;
			buildSettings = {
				ALWAYS_SEARCH_USER_PATHS = NO;
				CLANG_ENABLE_MODULES = YES;
				SWIFT_VERSION = 5.0;
				MACOSX_DEPLOYMENT_TARGET = 12.0;
				SDKROOT = macosx;
			};
			name = Release;
		};
		BC10 /* Debug */ = {
			isa = XCBuildConfiguration;
			buildSettings = {
				BUNDLE_LOADER = "";
				COMBINE_HIDPI_IMAGES = YES;
				CURRENT_PROJECT_VERSION = 1;
				DEFINES_MODULE = YES;
				DYLIB_COMPATIBILITY_VERSION = 1;
				DYLIB_CURRENT_VERSION = 1;
				GENERATE_INFOPLIST_FILE = NO;
				INFOPLIST_FILE = MatrixScreenSaver/Info.plist;
				INSTALL_PATH = "$(HOME)/Library/Screen Savers";
				LD_RUNPATH_SEARCH_PATHS = "$(inherited) @executable_path/../Frameworks @loader_path/../Frameworks";
				MARKETING_VERSION = 1.0;
				PRODUCT_BUNDLE_IDENTIFIER = com.rezmason.MatrixScreenSaver;
				PRODUCT_NAME = Matrix;
				SWIFT_EMIT_LOC_STRINGS = YES;
				SWIFT_VERSION = 5.0;
				WRAPPER_EXTENSION = saver;
				MACOSX_DEPLOYMENT_TARGET = 12.0;
				CODE_SIGN_STYLE = Automatic;
				COPY_PHASE_STRIP = NO;
			};
			name = Debug;
		};
		BC11 /* Release */ = {
			isa = XCBuildConfiguration;
			buildSettings = {
				BUNDLE_LOADER = "";
				COMBINE_HIDPI_IMAGES = YES;
				CURRENT_PROJECT_VERSION = 1;
				DEFINES_MODULE = YES;
				DYLIB_COMPATIBILITY_VERSION = 1;
				DYLIB_CURRENT_VERSION = 1;
				GENERATE_INFOPLIST_FILE = NO;
				INFOPLIST_FILE = MatrixScreenSaver/Info.plist;
				INSTALL_PATH = "$(HOME)/Library/Screen Savers";
				LD_RUNPATH_SEARCH_PATHS = "$(inherited) @executable_path/../Frameworks @loader_path/../Frameworks";
				MARKETING_VERSION = 1.0;
				PRODUCT_BUNDLE_IDENTIFIER = com.rezmason.MatrixScreenSaver;
				PRODUCT_NAME = Matrix;
				SWIFT_EMIT_LOC_STRINGS = YES;
				SWIFT_VERSION = 5.0;
				WRAPPER_EXTENSION = saver;
				MACOSX_DEPLOYMENT_TARGET = 12.0;
				CODE_SIGN_STYLE = Automatic;
				COPY_PHASE_STRIP = YES;
				SWIFT_OPTIMIZATION_LEVEL = "-Owholemodule";
			};
			name = Release;
		};
/* End XCBuildConfiguration section */

/* Begin XCConfigurationList section */
		XC00 /* Build configuration list for PBXProject */ = {
			isa = XCConfigurationList;
			buildConfigurations = (
				BC00 /* Debug */,
				BC01 /* Release */,
			);
			defaultConfigurationIsVisible = 0;
			defaultConfigurationName = Release;
		};
		XC01 /* Build configuration list for PBXNativeTarget */ = {
			isa = XCConfigurationList;
			buildConfigurations = (
				BC10 /* Debug */,
				BC11 /* Release */,
			);
			defaultConfigurationIsVisible = 0;
			defaultConfigurationName = Release;
		};
/* End XCConfigurationList section */

	};
	rootObject = PRJ1 /* Project object */;
}
